
Microsoft Visual Studio Solution File, Format Version 12.00
# Visual Studio Version 16
VisualStudioVersion = 16.0.29519.181
MinimumVisualStudioVersion = 10.0.40219.1
Project("{FAE04EC0-301F-11D3-BF4B-00C04F79EFBC}") = "ATM", "ATM\ATM.csproj", "{602ED190-47B6-4870-9BC8-997638E66930}"
EndProject
Global
	GlobalSection(SolutionConfigurationPlatforms) = preSolution
		Debug|Any CPU = Debug|Any CPU
		Release|Any CPU = Release|Any CPU
	EndGlobalSection
	GlobalSection(ProjectConfigurationPlatforms) = postSolution
		{602ED190-47B6-4870-9BC8-997638E66930}.Debug|Any CPU.ActiveCfg = Debug|Any CPU
		{602ED190-47B6-4870-9BC8-997638E66930}.Debug|Any CPU.Build.0 = Debug|Any CPU
		{602ED190-47B6-4870-9BC8-997638E66930}.Release|Any CPU.ActiveCfg = Release|Any CPU
		{602ED190-47B6-4870-9BC8-997638E66930}.Release|Any CPU.Build.0 = Release|Any CPU
	EndGlobalSection
	GlobalSection(SolutionProperties) = preSolution
		HideSolutionNode = FALSE
	EndGlobalSection
	GlobalSection(ExtensibilityGlobals) = postSolution
		SolutionGuid = {EBA2DA16-7CA4-4C74-9544-C1BFF85B4F43}
	EndGlobalSection
EndGlobal
